// !$*UTF8*$!
{
	archiveVersion = 1;
	classes = {
	};
	objectVersion = 46;
	objects = {

/* Begin PBXBuildFile section */
		72E0262F1D2035B90014D311 /* Media.xcassets in Resources */ = {isa = PBXBuildFile; fileRef = 72E0262E1D2035B90014D311 /* Media.xcassets */; };
		8D49B21F1D19395B00719725 /* main.m in Sources */ = {isa = PBXBuildFile; fileRef = 8D49B21E1D19395B00719725 /* main.m */; };
		8D49B2221D19395B00719725 /* AppDelegate.m in Sources */ = {isa = PBXBuildFile; fileRef = 8D49B2211D19395B00719725 /* AppDelegate.m */; };
		8D49B2281D19395B00719725 /* Main.storyboard in Resources */ = {isa = PBXBuildFile; fileRef = 8D49B2261D19395B00719725 /* Main.storyboard */; };
		8D49B22D1D19395B00719725 /* LaunchScreen.storyboard in Resources */ = {isa = PBXBuildFile; fileRef = 8D49B22B1D19395B00719725 /* LaunchScreen.storyboard */; };
		8D49B2381D19395B00719725 /* GIFMomentTests.m in Sources */ = {isa = PBXBuildFile; fileRef = 8D49B2371D19395B00719725 /* GIFMomentTests.m */; };
		8D49B2431D19395B00719725 /* GIFMomentUITests.m in Sources */ = {isa = PBXBuildFile; fileRef = 8D49B2421D19395B00719725 /* GIFMomentUITests.m */; };
		8DD555DB1D1BCE8800DB8606 /* PreviewAndEditViewController.m in Sources */ = {isa = PBXBuildFile; fileRef = 8DD555D91D1BCE8800DB8606 /* PreviewAndEditViewController.m */; };
		8DD555DC1D1BCE8800DB8606 /* PreviewAndEditViewController.xib in Resources */ = {isa = PBXBuildFile; fileRef = 8DD555DA1D1BCE8800DB8606 /* PreviewAndEditViewController.xib */; };
		8DD555E01D1BCEAD00DB8606 /* CaptureViewController.m in Sources */ = {isa = PBXBuildFile; fileRef = 8DD555DE1D1BCEAD00DB8606 /* CaptureViewController.m */; };
		8DD555E11D1BCEAD00DB8606 /* CaptureViewController.xib in Resources */ = {isa = PBXBuildFile; fileRef = 8DD555DF1D1BCEAD00DB8606 /* CaptureViewController.xib */; };
		8DD555E51D1BCF1B00DB8606 /* MainViewController.m in Sources */ = {isa = PBXBuildFile; fileRef = 8DD555E31D1BCF1B00DB8606 /* MainViewController.m */; };
		8DD555E61D1BCF1B00DB8606 /* MainViewController.xib in Resources */ = {isa = PBXBuildFile; fileRef = 8DD555E41D1BCF1B00DB8606 /* MainViewController.xib */; };
		8DD555EF1D1BD3B000DB8606 /* SettingViewController.m in Sources */ = {isa = PBXBuildFile; fileRef = 8DD555ED1D1BD3B000DB8606 /* SettingViewController.m */; };
		8DD555F01D1BD3B000DB8606 /* SettingViewController.xib in Resources */ = {isa = PBXBuildFile; fileRef = 8DD555EE1D1BD3B000DB8606 /* SettingViewController.xib */; };
		B5123099C77051F4BDB642A6 /* libPods.a in Frameworks */ = {isa = PBXBuildFile; fileRef = 6350FC2734953ED5CBDA34F7 /* libPods.a */; };
/* End PBXBuildFile section */

/* Begin PBXContainerItemProxy section */
		8D49B2341D19395B00719725 /* PBXContainerItemProxy */ = {
			isa = PBXContainerItemProxy;
			containerPortal = 8D49B2121D19395B00719725 /* Project object */;
			proxyType = 1;
			remoteGlobalIDString = 8D49B2191D19395B00719725;
			remoteInfo = GIFMoment;
		};
		8D49B23F1D19395B00719725 /* PBXContainerItemProxy */ = {
			isa = PBXContainerItemProxy;
			containerPortal = 8D49B2121D19395B00719725 /* Project object */;
			proxyType = 1;
			remoteGlobalIDString = 8D49B2191D19395B00719725;
			remoteInfo = GIFMoment;
		};
/* End PBXContainerItemProxy section */

/* Begin PBXFileReference section */
		2940110E592B6710FE11DE22 /* Pods.debug.xcconfig */ = {isa = PBXFileReference; includeInIndex = 1; lastKnownFileType = text.xcconfig; name = Pods.debug.xcconfig; path = "Pods/Target Support Files/Pods/Pods.debug.xcconfig"; sourceTree = "<group>"; };
		6350FC2734953ED5CBDA34F7 /* libPods.a */ = {isa = PBXFileReference; explicitFileType = archive.ar; includeInIndex = 0; path = libPods.a; sourceTree = BUILT_PRODUCTS_DIR; };
		72E0262E1D2035B90014D311 /* Media.xcassets */ = {isa = PBXFileReference; lastKnownFileType = folder.assetcatalog; path = Media.xcassets; sourceTree = "<group>"; };
		8D49B21A1D19395B00719725 /* GIFMoment.app */ = {isa = PBXFileReference; explicitFileType = wrapper.application; includeInIndex = 0; path = GIFMoment.app; sourceTree = BUILT_PRODUCTS_DIR; };
		8D49B21E1D19395B00719725 /* main.m */ = {isa = PBXFileReference; lastKnownFileType = sourcecode.c.objc; path = main.m; sourceTree = "<group>"; };
		8D49B2201D19395B00719725 /* AppDelegate.h */ = {isa = PBXFileReference; lastKnownFileType = sourcecode.c.h; path = AppDelegate.h; sourceTree = "<group>"; };
		8D49B2211D19395B00719725 /* AppDelegate.m */ = {isa = PBXFileReference; lastKnownFileType = sourcecode.c.objc; path = AppDelegate.m; sourceTree = "<group>"; };
		8D49B2271D19395B00719725 /* Base */ = {isa = PBXFileReference; lastKnownFileType = file.storyboard; name = Base; path = Base.lproj/Main.storyboard; sourceTree = "<group>"; };
		8D49B22C1D19395B00719725 /* Base */ = {isa = PBXFileReference; lastKnownFileType = file.storyboard; name = Base; path = Base.lproj/LaunchScreen.storyboard; sourceTree = "<group>"; };
		8D49B22E1D19395B00719725 /* Info.plist */ = {isa = PBXFileReference; lastKnownFileType = text.plist.xml; path = Info.plist; sourceTree = "<group>"; };
		8D49B2331D19395B00719725 /* GIFMomentTests.xctest */ = {isa = PBXFileReference; explicitFileType = wrapper.cfbundle; includeInIndex = 0; path = GIFMomentTests.xctest; sourceTree = BUILT_PRODUCTS_DIR; };
		8D49B2371D19395B00719725 /* GIFMomentTests.m */ = {isa = PBXFileReference; lastKnownFileType = sourcecode.c.objc; path = GIFMomentTests.m; sourceTree = "<group>"; };
		8D49B2391D19395B00719725 /* Info.plist */ = {isa = PBXFileReference; lastKnownFileType = text.plist.xml; path = Info.plist; sourceTree = "<group>"; };
		8D49B23E1D19395B00719725 /* GIFMomentUITests.xctest */ = {isa = PBXFileReference; explicitFileType = wrapper.cfbundle; includeInIndex = 0; path = GIFMomentUITests.xctest; sourceTree = BUILT_PRODUCTS_DIR; };
		8D49B2421D19395B00719725 /* GIFMomentUITests.m */ = {isa = PBXFileReference; lastKnownFileType = sourcecode.c.objc; path = GIFMomentUITests.m; sourceTree = "<group>"; };
		8D49B2441D19395B00719725 /* Info.plist */ = {isa = PBXFileReference; lastKnownFileType = text.plist.xml; path = Info.plist; sourceTree = "<group>"; };
		8DD555D81D1BCE8800DB8606 /* PreviewAndEditViewController.h */ = {isa = PBXFileReference; fileEncoding = 4; lastKnownFileType = sourcecode.c.h; path = PreviewAndEditViewController.h; sourceTree = "<group>"; };
		8DD555D91D1BCE8800DB8606 /* PreviewAndEditViewController.m */ = {isa = PBXFileReference; fileEncoding = 4; lastKnownFileType = sourcecode.c.objc; path = PreviewAndEditViewController.m; sourceTree = "<group>"; };
		8DD555DA1D1BCE8800DB8606 /* PreviewAndEditViewController.xib */ = {isa = PBXFileReference; fileEncoding = 4; lastKnownFileType = file.xib; path = PreviewAndEditViewController.xib; sourceTree = "<group>"; };
		8DD555DD1D1BCEAD00DB8606 /* CaptureViewController.h */ = {isa = PBXFileReference; fileEncoding = 4; lastKnownFileType = sourcecode.c.h; path = CaptureViewController.h; sourceTree = "<group>"; };
		8DD555DE1D1BCEAD00DB8606 /* CaptureViewController.m */ = {isa = PBXFileReference; fileEncoding = 4; lastKnownFileType = sourcecode.c.objc; path = CaptureViewController.m; sourceTree = "<group>"; };
		8DD555DF1D1BCEAD00DB8606 /* CaptureViewController.xib */ = {isa = PBXFileReference; fileEncoding = 4; lastKnownFileType = file.xib; path = CaptureViewController.xib; sourceTree = "<group>"; };
		8DD555E21D1BCF1B00DB8606 /* MainViewController.h */ = {isa = PBXFileReference; fileEncoding = 4; lastKnownFileType = sourcecode.c.h; path = MainViewController.h; sourceTree = "<group>"; };
		8DD555E31D1BCF1B00DB8606 /* MainViewController.m */ = {isa = PBXFileReference; fileEncoding = 4; lastKnownFileType = sourcecode.c.objc; path = MainViewController.m; sourceTree = "<group>"; };
		8DD555E41D1BCF1B00DB8606 /* MainViewController.xib */ = {isa = PBXFileReference; fileEncoding = 4; lastKnownFileType = file.xib; path = MainViewController.xib; sourceTree = "<group>"; };
		8DD555EC1D1BD3B000DB8606 /* SettingViewController.h */ = {isa = PBXFileReference; fileEncoding = 4; lastKnownFileType = sourcecode.c.h; path = SettingViewController.h; sourceTree = "<group>"; };
		8DD555ED1D1BD3B000DB8606 /* SettingViewController.m */ = {isa = PBXFileReference; fileEncoding = 4; lastKnownFileType = sourcecode.c.objc; path = SettingViewController.m; sourceTree = "<group>"; };
		8DD555EE1D1BD3B000DB8606 /* SettingViewController.xib */ = {isa = PBXFileReference; fileEncoding = 4; lastKnownFileType = file.xib; path = SettingViewController.xib; sourceTree = "<group>"; };
		AC2C29AF52BF1DBE26CCFC0D /* Pods.release.xcconfig */ = {isa = PBXFileReference; includeInIndex = 1; lastKnownFileType = text.xcconfig; name = Pods.release.xcconfig; path = "Pods/Target Support Files/Pods/Pods.release.xcconfig"; sourceTree = "<group>"; };
/* End PBXFileReference section */

/* Begin PBXFrameworksBuildPhase section */
		8D49B2171D19395B00719725 /* Frameworks */ = {
			isa = PBXFrameworksBuildPhase;
			buildActionMask = 2147483647;
			files = (
				B5123099C77051F4BDB642A6 /* libPods.a in Frameworks */,
			);
			runOnlyForDeploymentPostprocessing = 0;
		};
		8D49B2301D19395B00719725 /* Frameworks */ = {
			isa = PBXFrameworksBuildPhase;
			buildActionMask = 2147483647;
			files = (
			);
			runOnlyForDeploymentPostprocessing = 0;
		};
		8D49B23B1D19395B00719725 /* Frameworks */ = {
			isa = PBXFrameworksBuildPhase;
			buildActionMask = 2147483647;
			files = (
			);
			runOnlyForDeploymentPostprocessing = 0;
		};
/* End PBXFrameworksBuildPhase section */

/* Begin PBXGroup section */
		8D49B2111D19395B00719725 = {
			isa = PBXGroup;
			children = (
				8D49B21C1D19395B00719725 /* GIFMoment */,
				8D49B2361D19395B00719725 /* GIFMomentTests */,
				8D49B2411D19395B00719725 /* GIFMomentUITests */,
				8D49B21B1D19395B00719725 /* Products */,
				A12104A13A19F64F31B61301 /* Pods */,
				E51A539769836383B90E543F /* Frameworks */,
			);
			sourceTree = "<group>";
		};
		8D49B21B1D19395B00719725 /* Products */ = {
			isa = PBXGroup;
			children = (
				8D49B21A1D19395B00719725 /* GIFMoment.app */,
				8D49B2331D19395B00719725 /* GIFMomentTests.xctest */,
				8D49B23E1D19395B00719725 /* GIFMomentUITests.xctest */,
			);
			name = Products;
			sourceTree = "<group>";
		};
		8D49B21C1D19395B00719725 /* GIFMoment */ = {
			isa = PBXGroup;
			children = (
				8DD555EA1D1BD25B00DB8606 /* WalkThrough */,
				8D49B2521D193ACA00719725 /* Views */,
				8D49B2511D193ABA00719725 /* Models */,
				8D49B2501D193AA200719725 /* Controllers */,
				8D49B2201D19395B00719725 /* AppDelegate.h */,
				8D49B2211D19395B00719725 /* AppDelegate.m */,
				8D49B2261D19395B00719725 /* Main.storyboard */,
				8D49B22B1D19395B00719725 /* LaunchScreen.storyboard */,
				8D49B22E1D19395B00719725 /* Info.plist */,
				72E0262E1D2035B90014D311 /* Media.xcassets */,
				8D49B2531D193AD500719725 /* lib */,
				8D49B21D1D19395B00719725 /* Supporting Files */,
			);
			path = GIFMoment;
			sourceTree = "<group>";
		};
		8D49B21D1D19395B00719725 /* Supporting Files */ = {
			isa = PBXGroup;
			children = (
				8D49B21E1D19395B00719725 /* main.m */,
			);
			name = "Supporting Files";
			sourceTree = "<group>";
		};
		8D49B2361D19395B00719725 /* GIFMomentTests */ = {
			isa = PBXGroup;
			children = (
				8D49B2371D19395B00719725 /* GIFMomentTests.m */,
				8D49B2391D19395B00719725 /* Info.plist */,
			);
			path = GIFMomentTests;
			sourceTree = "<group>";
		};
		8D49B2411D19395B00719725 /* GIFMomentUITests */ = {
			isa = PBXGroup;
			children = (
				8D49B2421D19395B00719725 /* GIFMomentUITests.m */,
				8D49B2441D19395B00719725 /* Info.plist */,
			);
			path = GIFMomentUITests;
			sourceTree = "<group>";
		};
		8D49B2501D193AA200719725 /* Controllers */ = {
			isa = PBXGroup;
			children = (
				8DD555D71D1BCE2600DB8606 /* PreviewAndEdit */,
				8DD555D61D1BCDE000DB8606 /* Setting */,
				8DD555D51D1BCDC900DB8606 /* Capture */,
				8DD555D41D1BCDAA00DB8606 /* Main */,
			);
			name = Controllers;
			sourceTree = "<group>";
		};
		8D49B2511D193ABA00719725 /* Models */ = {
			isa = PBXGroup;
			children = (
			);
			name = Models;
			sourceTree = "<group>";
		};
		8D49B2521D193ACA00719725 /* Views */ = {
			isa = PBXGroup;
			children = (
			);
			name = Views;
			sourceTree = "<group>";
		};
		8D49B2531D193AD500719725 /* lib */ = {
			isa = PBXGroup;
			children = (
			);
			name = lib;
			sourceTree = "<group>";
		};
		8DD555D41D1BCDAA00DB8606 /* Main */ = {
			isa = PBXGroup;
			children = (
				8DD555E21D1BCF1B00DB8606 /* MainViewController.h */,
				8DD555E31D1BCF1B00DB8606 /* MainViewController.m */,
				8DD555E41D1BCF1B00DB8606 /* MainViewController.xib */,
			);
			name = Main;
			sourceTree = "<group>";
		};
		8DD555D51D1BCDC900DB8606 /* Capture */ = {
			isa = PBXGroup;
			children = (
				8DD555DD1D1BCEAD00DB8606 /* CaptureViewController.h */,
				8DD555DE1D1BCEAD00DB8606 /* CaptureViewController.m */,
				8DD555DF1D1BCEAD00DB8606 /* CaptureViewController.xib */,
			);
			name = Capture;
			sourceTree = "<group>";
		};
		8DD555D61D1BCDE000DB8606 /* Setting */ = {
			isa = PBXGroup;
			children = (
				8DD555EC1D1BD3B000DB8606 /* SettingViewController.h */,
				8DD555ED1D1BD3B000DB8606 /* SettingViewController.m */,
				8DD555EE1D1BD3B000DB8606 /* SettingViewController.xib */,
			);
			name = Setting;
			sourceTree = "<group>";
		};
		8DD555D71D1BCE2600DB8606 /* PreviewAndEdit */ = {
			isa = PBXGroup;
			children = (
				8DD555D81D1BCE8800DB8606 /* PreviewAndEditViewController.h */,
				8DD555D91D1BCE8800DB8606 /* PreviewAndEditViewController.m */,
				8DD555DA1D1BCE8800DB8606 /* PreviewAndEditViewController.xib */,
			);
			name = PreviewAndEdit;
			sourceTree = "<group>";
		};
		8DD555EA1D1BD25B00DB8606 /* WalkThrough */ = {
			isa = PBXGroup;
			children = (
			);
			name = WalkThrough;
			sourceTree = "<group>";
		};
		A12104A13A19F64F31B61301 /* Pods */ = {
			isa = PBXGroup;
			children = (
				2940110E592B6710FE11DE22 /* Pods.debug.xcconfig */,
				AC2C29AF52BF1DBE26CCFC0D /* Pods.release.xcconfig */,
			);
			name = Pods;
			sourceTree = "<group>";
		};
		E51A539769836383B90E543F /* Frameworks */ = {
			isa = PBXGroup;
			children = (
				6350FC2734953ED5CBDA34F7 /* libPods.a */,
			);
			name = Frameworks;
			sourceTree = "<group>";
		};
/* End PBXGroup section */

/* Begin PBXNativeTarget section */
		8D49B2191D19395B00719725 /* GIFMoment */ = {
			isa = PBXNativeTarget;
			buildConfigurationList = 8D49B2471D19395B00719725 /* Build configuration list for PBXNativeTarget "GIFMoment" */;
			buildPhases = (
				AC49472202545766CC872677 /* Check Pods Manifest.lock */,
				8D49B2161D19395B00719725 /* Sources */,
				8D49B2171D19395B00719725 /* Frameworks */,
				8D49B2181D19395B00719725 /* Resources */,
				8A9A74CA53093D706D5D7CF9 /* Embed Pods Frameworks */,
				E5176E2853889B0FE5A8178A /* Copy Pods Resources */,
			);
			buildRules = (
			);
			dependencies = (
			);
			name = GIFMoment;
			productName = GIFMoment;
			productReference = 8D49B21A1D19395B00719725 /* GIFMoment.app */;
			productType = "com.apple.product-type.application";
		};
		8D49B2321D19395B00719725 /* GIFMomentTests */ = {
			isa = PBXNativeTarget;
			buildConfigurationList = 8D49B24A1D19395B00719725 /* Build configuration list for PBXNativeTarget "GIFMomentTests" */;
			buildPhases = (
				8D49B22F1D19395B00719725 /* Sources */,
				8D49B2301D19395B00719725 /* Frameworks */,
				8D49B2311D19395B00719725 /* Resources */,
			);
			buildRules = (
			);
			dependencies = (
				8D49B2351D19395B00719725 /* PBXTargetDependency */,
			);
			name = GIFMomentTests;
			productName = GIFMomentTests;
			productReference = 8D49B2331D19395B00719725 /* GIFMomentTests.xctest */;
			productType = "com.apple.product-type.bundle.unit-test";
		};
		8D49B23D1D19395B00719725 /* GIFMomentUITests */ = {
			isa = PBXNativeTarget;
			buildConfigurationList = 8D49B24D1D19395B00719725 /* Build configuration list for PBXNativeTarget "GIFMomentUITests" */;
			buildPhases = (
				8D49B23A1D19395B00719725 /* Sources */,
				8D49B23B1D19395B00719725 /* Frameworks */,
				8D49B23C1D19395B00719725 /* Resources */,
			);
			buildRules = (
			);
			dependencies = (
				8D49B2401D19395B00719725 /* PBXTargetDependency */,
			);
			name = GIFMomentUITests;
			productName = GIFMomentUITests;
			productReference = 8D49B23E1D19395B00719725 /* GIFMomentUITests.xctest */;
			productType = "com.apple.product-type.bundle.ui-testing";
		};
/* End PBXNativeTarget section */

/* Begin PBXProject section */
		8D49B2121D19395B00719725 /* Project object */ = {
			isa = PBXProject;
			attributes = {
				LastUpgradeCheck = 0730;
				ORGANIZATIONNAME = "MonsterTech Studio";
				TargetAttributes = {
					8D49B2191D19395B00719725 = {
						CreatedOnToolsVersion = 7.3.1;
						DevelopmentTeam = TSXDWSWUUR;
					};
					8D49B2321D19395B00719725 = {
						CreatedOnToolsVersion = 7.3.1;
						TestTargetID = 8D49B2191D19395B00719725;
					};
					8D49B23D1D19395B00719725 = {
						CreatedOnToolsVersion = 7.3.1;
						TestTargetID = 8D49B2191D19395B00719725;
					};
				};
			};
			buildConfigurationList = 8D49B2151D19395B00719725 /* Build configuration list for PBXProject "GIFMoment" */;
			compatibilityVersion = "Xcode 3.2";
			developmentRegion = English;
			hasScannedForEncodings = 0;
			knownRegions = (
				en,
				Base,
			);
			mainGroup = 8D49B2111D19395B00719725;
			productRefGroup = 8D49B21B1D19395B00719725 /* Products */;
			projectDirPath = "";
			projectRoot = "";
			targets = (
				8D49B2191D19395B00719725 /* GIFMoment */,
				8D49B2321D19395B00719725 /* GIFMomentTests */,
				8D49B23D1D19395B00719725 /* GIFMomentUITests */,
			);
		};
/* End PBXProject section */

/* Begin PBXResourcesBuildPhase section */
		8D49B2181D19395B00719725 /* Resources */ = {
			isa = PBXResourcesBuildPhase;
			buildActionMask = 2147483647;
			files = (
				8DD555F01D1BD3B000DB8606 /* SettingViewController.xib in Resources */,
				8DD555E11D1BCEAD00DB8606 /* CaptureViewController.xib in Resources */,
				72E0262F1D2035B90014D311 /* Media.xcassets in Resources */,
				8DD555E61D1BCF1B00DB8606 /* MainViewController.xib in Resources */,
				8D49B22D1D19395B00719725 /* LaunchScreen.storyboard in Resources */,
				8DD555DC1D1BCE8800DB8606 /* PreviewAndEditViewController.xib in Resources */,
				8D49B2281D19395B00719725 /* Main.storyboard in Resources */,
			);
			runOnlyForDeploymentPostprocessing = 0;
		};
		8D49B2311D19395B00719725 /* Resources */ = {
			isa = PBXResourcesBuildPhase;
			buildActionMask = 2147483647;
			files = (
			);
			runOnlyForDeploymentPostprocessing = 0;
		};
		8D49B23C1D19395B00719725 /* Resources */ = {
			isa = PBXResourcesBuildPhase;
			buildActionMask = 2147483647;
			files = (
			);
			runOnlyForDeploymentPostprocessing = 0;
		};
/* End PBXResourcesBuildPhase section */

/* Begin PBXShellScriptBuildPhase section */
		8A9A74CA53093D706D5D7CF9 /* Embed Pods Frameworks */ = {
			isa = PBXShellScriptBuildPhase;
			buildActionMask = 2147483647;
			files = (
			);
			inputPaths = (
			);
			name = "Embed Pods Frameworks";
			outputPaths = (
			);
			runOnlyForDeploymentPostprocessing = 0;
			shellPath = /bin/sh;
			shellScript = "\"${SRCROOT}/Pods/Target Support Files/Pods/Pods-frameworks.sh\"\n";
			showEnvVarsInLog = 0;
		};
		AC49472202545766CC872677 /* Check Pods Manifest.lock */ = {
			isa = PBXShellScriptBuildPhase;
			buildActionMask = 2147483647;
			files = (
			);
			inputPaths = (
			);
			name = "Check Pods Manifest.lock";
			outputPaths = (
			);
			runOnlyForDeploymentPostprocessing = 0;
			shellPath = /bin/sh;
			shellScript = "diff \"${PODS_ROOT}/../Podfile.lock\" \"${PODS_ROOT}/Manifest.lock\" > /dev/null\nif [[ $? != 0 ]] ; then\n    cat << EOM\nerror: The sandbox is not in sync with the Podfile.lock. Run 'pod install' or update your CocoaPods installation.\nEOM\n    exit 1\nfi\n";
			showEnvVarsInLog = 0;
		};
		E5176E2853889B0FE5A8178A /* Copy Pods Resources */ = {
			isa = PBXShellScriptBuildPhase;
			buildActionMask = 2147483647;
			files = (
			);
			inputPaths = (
			);
			name = "Copy Pods Resources";
			outputPaths = (
			);
			runOnlyForDeploymentPostprocessing = 0;
			shellPath = /bin/sh;
			shellScript = "\"${SRCROOT}/Pods/Target Support Files/Pods/Pods-resources.sh\"\n";
			showEnvVarsInLog = 0;
		};
/* End PBXShellScriptBuildPhase section */

/* Begin PBXSourcesBuildPhase section */
		8D49B2161D19395B00719725 /* Sources */ = {
			isa = PBXSourcesBuildPhase;
			buildActionMask = 2147483647;
			files = (
				8DD555DB1D1BCE8800DB8606 /* PreviewAndEditViewController.m in Sources */,
				8DD555E01D1BCEAD00DB8606 /* CaptureViewController.m in Sources */,
				8D49B2221D19395B00719725 /* AppDelegate.m in Sources */,
				8DD555E51D1BCF1B00DB8606 /* MainViewController.m in Sources */,
				8D49B21F1D19395B00719725 /* main.m in Sources */,
				8DD555EF1D1BD3B000DB8606 /* SettingViewController.m in Sources */,
			);
			runOnlyForDeploymentPostprocessing = 0;
		};
		8D49B22F1D19395B00719725 /* Sources */ = {
			isa = PBXSourcesBuildPhase;
			buildActionMask = 2147483647;
			files = (
				8D49B2381D19395B00719725 /* GIFMomentTests.m in Sources */,
			);
			runOnlyForDeploymentPostprocessing = 0;
		};
		8D49B23A1D19395B00719725 /* Sources */ = {
			isa = PBXSourcesBuildPhase;
			buildActionMask = 2147483647;
			files = (
				8D49B2431D19395B00719725 /* GIFMomentUITests.m in Sources */,
			);
			runOnlyForDeploymentPostprocessing = 0;
		};
/* End PBXSourcesBuildPhase section */

/* Begin PBXTargetDependency section */
		8D49B2351D19395B00719725 /* PBXTargetDependency */ = {
			isa = PBXTargetDependency;
			target = 8D49B2191D19395B00719725 /* GIFMoment */;
			targetProxy = 8D49B2341D19395B00719725 /* PBXContainerItemProxy */;
		};
		8D49B2401D19395B00719725 /* PBXTargetDependency */ = {
			isa = PBXTargetDependency;
			target = 8D49B2191D19395B00719725 /* GIFMoment */;
			targetProxy = 8D49B23F1D19395B00719725 /* PBXContainerItemProxy */;
		};
/* End PBXTargetDependency section */

/* Begin PBXVariantGroup section */
		8D49B2261D19395B00719725 /* Main.storyboard */ = {
			isa = PBXVariantGroup;
			children = (
				8D49B2271D19395B00719725 /* Base */,
			);
			name = Main.storyboard;
			sourceTree = "<group>";
		};
		8D49B22B1D19395B00719725 /* LaunchScreen.storyboard */ = {
			isa = PBXVariantGroup;
			children = (
				8D49B22C1D19395B00719725 /* Base */,
			);
			name = LaunchScreen.storyboard;
			sourceTree = "<group>";
		};
/* End PBXVariantGroup section */

/* Begin XCBuildConfiguration section */
		8D49B2451D19395B00719725 /* Debug */ = {
			isa = XCBuildConfiguration;
			buildSettings = {
				ALWAYS_SEARCH_USER_PATHS = NO;
				CLANG_ANALYZER_NONNULL = YES;
				CLANG_CXX_LANGUAGE_STANDARD = "gnu++0x";
				CLANG_CXX_LIBRARY = "libc++";
				CLANG_ENABLE_MODULES = YES;
				CLANG_ENABLE_OBJC_ARC = YES;
				CLANG_WARN_BOOL_CONVERSION = YES;
				CLANG_WARN_CONSTANT_CONVERSION = YES;
				CLANG_WARN_DIRECT_OBJC_ISA_USAGE = YES_ERROR;
				CLANG_WARN_EMPTY_BODY = YES;
				CLANG_WARN_ENUM_CONVERSION = YES;
				CLANG_WARN_INT_CONVERSION = YES;
				CLANG_WARN_OBJC_ROOT_CLASS = YES_ERROR;
				CLANG_WARN_UNREACHABLE_CODE = YES;
				CLANG_WARN__DUPLICATE_METHOD_MATCH = YES;
				"CODE_SIGN_IDENTITY[sdk=iphoneos*]" = "iPhone Developer";
				COPY_PHASE_STRIP = NO;
				DEBUG_INFORMATION_FORMAT = dwarf;
				ENABLE_STRICT_OBJC_MSGSEND = YES;
				ENABLE_TESTABILITY = YES;
				GCC_C_LANGUAGE_STANDARD = gnu99;
				GCC_DYNAMIC_NO_PIC = NO;
				GCC_NO_COMMON_BLOCKS = YES;
				GCC_OPTIMIZATION_LEVEL = 0;
				GCC_PREPROCESSOR_DEFINITIONS = (
					"DEBUG=1",
					"$(inherited)",
				);
				GCC_WARN_64_TO_32_BIT_CONVERSION = YES;
				GCC_WARN_ABOUT_RETURN_TYPE = YES_ERROR;
				GCC_WARN_UNDECLARED_SELECTOR = YES;
				GCC_WARN_UNINITIALIZED_AUTOS = YES_AGGRESSIVE;
				GCC_WARN_UNUSED_FUNCTION = YES;
				GCC_WARN_UNUSED_VARIABLE = YES;
				IPHONEOS_DEPLOYMENT_TARGET = 9.3;
				MTL_ENABLE_DEBUG_INFO = YES;
				ONLY_ACTIVE_ARCH = YES;
				SDKROOT = iphoneos;
				TARGETED_DEVICE_FAMILY = "1,2";
			};
			name = Debug;
		};
		8D49B2461D19395B00719725 /* Release */ = {
			isa = XCBuildConfiguration;
			buildSettings = {
				ALWAYS_SEARCH_USER_PATHS = NO;
				CLANG_ANALYZER_NONNULL = YES;
				CLANG_CXX_LANGUAGE_STANDARD = "gnu++0x";
				CLANG_CXX_LIBRARY = "libc++";
				CLANG_ENABLE_MODULES = YES;
				CLANG_ENABLE_OBJC_ARC = YES;
				CLANG_WARN_BOOL_CONVERSION = YES;
				CLANG_WARN_CONSTANT_CONVERSION = YES;
				CLANG_WARN_DIRECT_OBJC_ISA_USAGE = YES_ERROR;
				CLANG_WARN_EMPTY_BODY = YES;
				CLANG_WARN_ENUM_CONVERSION = YES;
				CLANG_WARN_INT_CONVERSION = YES;
				CLANG_WARN_OBJC_ROOT_CLASS = YES_ERROR;
				CLANG_WARN_UNREACHABLE_CODE = YES;
				CLANG_WARN__DUPLICATE_METHOD_MATCH = YES;
				"CODE_SIGN_IDENTITY[sdk=iphoneos*]" = "iPhone Developer";
				COPY_PHASE_STRIP = NO;
				DEBUG_INFORMATION_FORMAT = "dwarf-with-dsym";
				ENABLE_NS_ASSERTIONS = NO;
				ENABLE_STRICT_OBJC_MSGSEND = YES;
				GCC_C_LANGUAGE_STANDARD = gnu99;
				GCC_NO_COMMON_BLOCKS = YES;
				GCC_WARN_64_TO_32_BIT_CONVERSION = YES;
				GCC_WARN_ABOUT_RETURN_TYPE = YES_ERROR;
				GCC_WARN_UNDECLARED_SELECTOR = YES;
				GCC_WARN_UNINITIALIZED_AUTOS = YES_AGGRESSIVE;
				GCC_WARN_UNUSED_FUNCTION = YES;
				GCC_WARN_UNUSED_VARIABLE = YES;
				IPHONEOS_DEPLOYMENT_TARGET = 9.3;
				MTL_ENABLE_DEBUG_INFO = NO;
				SDKROOT = iphoneos;
				TARGETED_DEVICE_FAMILY = "1,2";
				VALIDATE_PRODUCT = YES;
			};
			name = Release;
		};
		8D49B2481D19395B00719725 /* Debug */ = {
			isa = XCBuildConfiguration;
			baseConfigurationReference = 2940110E592B6710FE11DE22 /* Pods.debug.xcconfig */;
			buildSettings = {
				ASSETCATALOG_COMPILER_APPICON_NAME = AppIcon;
				ASSETCATALOG_COMPILER_LAUNCHIMAGE_NAME = LaunchImage;
				CODE_SIGN_IDENTITY = "iPhone Developer";
				INFOPLIST_FILE = GIFMoment/Info.plist;
				IPHONEOS_DEPLOYMENT_TARGET = 8.0;
				LD_RUNPATH_SEARCH_PATHS = "$(inherited) @executable_path/Frameworks";
				PRODUCT_BUNDLE_IDENTIFIER = com.monstertechstudio.GIFMoment;
				PRODUCT_NAME = "$(TARGET_NAME)";
				USER_HEADER_SEARCH_PATHS = "$(PODS_ROOT)/**";
			};
			name = Debug;
		};
		8D49B2491D19395B00719725 /* Release */ = {
			isa = XCBuildConfiguration;
			baseConfigurationReference = AC2C29AF52BF1DBE26CCFC0D /* Pods.release.xcconfig */;
			buildSettings = {
				ASSETCATALOG_COMPILER_APPICON_NAME = AppIcon;
				ASSETCATALOG_COMPILER_LAUNCHIMAGE_NAME = LaunchImage;
				CODE_SIGN_IDENTITY = "iPhone Developer";
				INFOPLIST_FILE = GIFMoment/Info.plist;
				IPHONEOS_DEPLOYMENT_TARGET = 8.0;
				LD_RUNPATH_SEARCH_PATHS = "$(inherited) @executable_path/Frameworks";
				PRODUCT_BUNDLE_IDENTIFIER = com.monstertechstudio.GIFMoment;
				PRODUCT_NAME = "$(TARGET_NAME)";
				USER_HEADER_SEARCH_PATHS = "$(PODS_ROOT)/**";
			};
			name = Release;
		};
		8D49B24B1D19395B00719725 /* Debug */ = {
			isa = XCBuildConfiguration;
			buildSettings = {
				BUNDLE_LOADER = "$(TEST_HOST)";
				INFOPLIST_FILE = GIFMomentTests/Info.plist;
				LD_RUNPATH_SEARCH_PATHS = "$(inherited) @executable_path/Frameworks @loader_path/Frameworks";
				PRODUCT_BUNDLE_IDENTIFIER = com.monstertechstudio.GIFMomentTests;
				PRODUCT_NAME = "$(TARGET_NAME)";
				TEST_HOST = "$(BUILT_PRODUCTS_DIR)/GIFMoment.app/GIFMoment";
			};
			name = Debug;
		};
		8D49B24C1D19395B00719725 /* Release */ = {
			isa = XCBuildConfiguration;
			buildSettings = {
				BUNDLE_LOADER = "$(TEST_HOST)";
				INFOPLIST_FILE = GIFMomentTests/Info.plist;
				LD_RUNPATH_SEARCH_PATHS = "$(inherited) @executable_path/Frameworks @loader_path/Frameworks";
				PRODUCT_BUNDLE_IDENTIFIER = com.monstertechstudio.GIFMomentTests;
				PRODUCT_NAME = "$(TARGET_NAME)";
				TEST_HOST = "$(BUILT_PRODUCTS_DIR)/GIFMoment.app/GIFMoment";
			};
			name = Release;
		};
		8D49B24E1D19395B00719725 /* Debug */ = {
			isa = XCBuildConfiguration;
			buildSettings = {
				INFOPLIST_FILE = GIFMomentUITests/Info.plist;
				LD_RUNPATH_SEARCH_PATHS = "$(inherited) @executable_path/Frameworks @loader_path/Frameworks";
				PRODUCT_BUNDLE_IDENTIFIER = com.monstertechstudio.GIFMomentUITests;
				PRODUCT_NAME = "$(TARGET_NAME)";
				TEST_TARGET_NAME = GIFMoment;
			};
			name = Debug;
		};
		8D49B24F1D19395B00719725 /* Release */ = {
			isa = XCBuildConfiguration;
			buildSettings = {
				INFOPLIST_FILE = GIFMomentUITests/Info.plist;
				LD_RUNPATH_SEARCH_PATHS = "$(inherited) @executable_path/Frameworks @loader_path/Frameworks";
				PRODUCT_BUNDLE_IDENTIFIER = com.monstertechstudio.GIFMomentUITests;
				PRODUCT_NAME = "$(TARGET_NAME)";
				TEST_TARGET_NAME = GIFMoment;
			};
			name = Release;
		};
/* End XCBuildConfiguration section */

/* Begin XCConfigurationList section */
		8D49B2151D19395B00719725 /* Build configuration list for PBXProject "GIFMoment" */ = {
			isa = XCConfigurationList;
			buildConfigurations = (
				8D49B2451D19395B00719725 /* Debug */,
				8D49B2461D19395B00719725 /* Release */,
			);
			defaultConfigurationIsVisible = 0;
			defaultConfigurationName = Release;
		};
		8D49B2471D19395B00719725 /* Build configuration list for PBXNativeTarget "GIFMoment" */ = {
			isa = XCConfigurationList;
			buildConfigurations = (
				8D49B2481D19395B00719725 /* Debug */,
				8D49B2491D19395B00719725 /* Release */,
			);
			defaultConfigurationIsVisible = 0;
			defaultConfigurationName = Release;
		};
		8D49B24A1D19395B00719725 /* Build configuration list for PBXNativeTarget "GIFMomentTests" */ = {
			isa = XCConfigurationList;
			buildConfigurations = (
				8D49B24B1D19395B00719725 /* Debug */,
				8D49B24C1D19395B00719725 /* Release */,
			);
			defaultConfigurationIsVisible = 0;
			defaultConfigurationName = Release;
		};
		8D49B24D1D19395B00719725 /* Build configuration list for PBXNativeTarget "GIFMomentUITests" */ = {
			isa = XCConfigurationList;
			buildConfigurations = (
				8D49B24E1D19395B00719725 /* Debug */,
				8D49B24F1D19395B00719725 /* Release */,
			);
			defaultConfigurationIsVisible = 0;
			defaultConfigurationName = Release;
		};
/* End XCConfigurationList section */
	};
	rootObject = 8D49B2121D19395B00719725 /* Project object */;
}
